
Microsoft Visual Studio Solution File, Format Version 12.00
# Visual Studio 15
VisualStudioVersion = 15.0.27703.2042
MinimumVisualStudioVersion = 10.0.40219.1
Project("{9A19103F-16F7-4668-BE54-9A1E7A4F7556}") = "BihuApiCore", "BihuApiCore\BihuApiCore.csproj", "{646794ED-FF7F-49B7-BC1C-E9BF72642C2E}"
EndProject
Project("{FAE04EC0-301F-11D3-BF4B-00C04F79EFBC}") = "BihuApiCore.EntityFrameworkCore", "BihuApiCore.EntityFrameworkCore\BihuApiCore.EntityFrameworkCore.csproj", "{829DC315-DCDE-403B-BC27-B2392A6C3D5E}"
EndProject
Project("{FAE04EC0-301F-11D3-BF4B-00C04F79EFBC}") = "BihuApiCore.Repository", "BihuApiCore.Repository\BihuApiCore.Repository.csproj", "{541BF683-1DC3-4DEA-A729-1C3EDDD1142A}"
EndProject
Project("{FAE04EC0-301F-11D3-BF4B-00C04F79EFBC}") = "BihuApiCore.Infrastructure", "BihuApiCore.Infrastructure\BihuApiCore.Infrastructure.csproj", "{868F47C1-1F0F-46DC-9146-61D08568F1F8}"
EndProject
Project("{FAE04EC0-301F-11D3-BF4B-00C04F79EFBC}") = "BihuApiCore.Model", "BihuApiCore.Model\BihuApiCore.Model.csproj", "{75CEFEC3-46C8-40CC-8927-AC41C754F1FD}"
EndProject
Project("{FAE04EC0-301F-11D3-BF4B-00C04F79EFBC}") = "BihuApiCore.Service", "BihuApiCore.Service\BihuApiCore.Service.csproj", "{5FDBFE6E-A4D6-44A6-913C-26D64C4CD710}"
EndProject
Global
	GlobalSection(SolutionConfigurationPlatforms) = preSolution
		Debug|Any CPU = Debug|Any CPU
		Release|Any CPU = Release|Any CPU
	EndGlobalSection
	GlobalSection(ProjectConfigurationPlatforms) = postSolution
		{646794ED-FF7F-49B7-BC1C-E9BF72642C2E}.Debug|Any CPU.ActiveCfg = Debug|Any CPU
		{646794ED-FF7F-49B7-BC1C-E9BF72642C2E}.Debug|Any CPU.Build.0 = Debug|Any CPU
		{646794ED-FF7F-49B7-BC1C-E9BF72642C2E}.Release|Any CPU.ActiveCfg = Release|Any CPU
		{646794ED-FF7F-49B7-BC1C-E9BF72642C2E}.Release|Any CPU.Build.0 = Release|Any CPU
		{829DC315-DCDE-403B-BC27-B2392A6C3D5E}.Debug|Any CPU.ActiveCfg = Debug|Any CPU
		{829DC315-DCDE-403B-BC27-B2392A6C3D5E}.Debug|Any CPU.Build.0 = Debug|Any CPU
		{829DC315-DCDE-403B-BC27-B2392A6C3D5E}.Release|Any CPU.ActiveCfg = Release|Any CPU
		{829DC315-DCDE-403B-BC27-B2392A6C3D5E}.Release|Any CPU.Build.0 = Release|Any CPU
		{541BF683-1DC3-4DEA-A729-1C3EDDD1142A}.Debug|Any CPU.ActiveCfg = Debug|Any CPU
		{541BF683-1DC3-4DEA-A729-1C3EDDD1142A}.Debug|Any CPU.Build.0 = Debug|Any CPU
		{541BF683-1DC3-4DEA-A729-1C3EDDD1142A}.Release|Any CPU.ActiveCfg = Release|Any CPU
		{541BF683-1DC3-4DEA-A729-1C3EDDD1142A}.Release|Any CPU.Build.0 = Release|Any CPU
		{868F47C1-1F0F-46DC-9146-61D08568F1F8}.Debug|Any CPU.ActiveCfg = Debug|Any CPU
		{868F47C1-1F0F-46DC-9146-61D08568F1F8}.Debug|Any CPU.Build.0 = Debug|Any CPU
		{868F47C1-1F0F-46DC-9146-61D08568F1F8}.Release|Any CPU.ActiveCfg = Release|Any CPU
		{868F47C1-1F0F-46DC-9146-61D08568F1F8}.Release|Any CPU.Build.0 = Release|Any CPU
		{75CEFEC3-46C8-40CC-8927-AC41C754F1FD}.Debug|Any CPU.ActiveCfg = Debug|Any CPU
		{75CEFEC3-46C8-40CC-8927-AC41C754F1FD}.Debug|Any CPU.Build.0 = Debug|Any CPU
		{75CEFEC3-46C8-40CC-8927-AC41C754F1FD}.Release|Any CPU.ActiveCfg = Release|Any CPU
		{75CEFEC3-46C8-40CC-8927-AC41C754F1FD}.Release|Any CPU.Build.0 = Release|Any CPU
		{5FDBFE6E-A4D6-44A6-913C-26D64C4CD710}.Debug|Any CPU.ActiveCfg = Debug|Any CPU
		{5FDBFE6E-A4D6-44A6-913C-26D64C4CD710}.Debug|Any CPU.Build.0 = Debug|Any CPU
		{5FDBFE6E-A4D6-44A6-913C-26D64C4CD710}.Release|Any CPU.ActiveCfg = Release|Any CPU
		{5FDBFE6E-A4D6-44A6-913C-26D64C4CD710}.Release|Any CPU.Build.0 = Release|Any CPU
	EndGlobalSection
	GlobalSection(SolutionProperties) = preSolution
		HideSolutionNode = FALSE
	EndGlobalSection
	GlobalSection(ExtensibilityGlobals) = postSolution
		SolutionGuid = {C2896CEE-E330-45C6-90A8-4321DACDEA8E}
	EndGlobalSection
EndGlobal
